lockfileVersion: '9.0'

settings:
  autoInstallPeers: true
  excludeLinksFromLockfile: false

importers:

  .:
    devDependencies:
      dbmate:
        specifier: ^2.33.0
        version: 2.33.0

packages:

  '@dbmate/darwin-arm64@2.33.0':
    resolution: {integrity: sha512-YbB2IYigcHV+5qo35wvHoKdRXPQdtXv+tUoiEEhXX9gmJm8t/OqsPguR5m7+6rRHE7hsBEtxruykBOKVArqc0A==}
    cpu: [arm64]
    os: [darwin]

  '@dbmate/darwin-x64@2.33.0':
    resolution: {integrity: sha512-6y4BSqUj6m9halhUi6PNVOUBmsciRjCFAlXWk0WFu35Eg7ojZWWW3BRD7bRcQwZcsmjKn6uCb/k5hFci5/gkxQ==}
    cpu: [x64]
    os: [darwin]

  '@dbmate/linux-arm64@2.33.0':
    resolution: {integrity: sha512-HFYIGBKTI+BQC8Ps6nzj1Zb8w7I61IGstveNeEQYKTxkV1CPDMajYX52heJ7Jv3ignOrzzy054YhV+z+j6xV8g==}
    cpu: [arm64]
    os: [linux]

  '@dbmate/linux-arm@2.33.0':
    resolution: {integrity: sha512-Xm6w63BjPtab0LgAleDqzhSDIvFJOqN7v8RMJaydPlrPNIBauJwEOWKu5nSnUGNKi9PHZXIHCu0hI8m0fAI6eQ==}
    cpu: [arm]
    os: [linux]

  '@dbmate/linux-ia32@2.33.0':
    resolution: {integrity: sha512-tyVbpGPRds5Rf5AbP5W1+ip319GZTWqy+jjMWKVyAuEbH/6Kjn88RhVqG6f7NsOvHgS3aekOQIBW6ZMkm0crEw==}
    cpu: [ia32]
    os: [linux]

  '@dbmate/linux-x64@2.33.0':
    resolution: {integrity: sha512-SxzgU1TzWA37N2GuOUCcV2JjQKiEdzQzfI7k15YRxPw2K3UZc2hueFtF1l2HAoilDi8ekOV2JFUb9XmfqhgSrA==}
    cpu: [x64]
    os: [linux]

  '@dbmate/win32-x64@2.33.0':
    resolution: {integrity: sha512-1axw11wBuJ6mLByBtJg4o7fxUkyX+Vz435N3vfdH8OdSPWnpygp/nVyo3iz58SR7XnJkCJBzoKjtsRONeAsO2g==}
    cpu: [x64]
    os: [win32]

  dbmate@2.33.0:
    resolution: {integrity: sha512-UNyMVmEt+AS0xXrcPIHtSRF8eMgh9YJDUyW2S/l8QO/yB8uGT4eO1g18g+4GKdkPWVY9NHUTA1584jvWHK57JQ==}
    hasBin: true

snapshots:

  '@dbmate/darwin-arm64@2.33.0':
    optional: true

  '@dbmate/darwin-x64@2.33.0':
    optional: true

  '@dbmate/linux-arm64@2.33.0':
    optional: true

  '@dbmate/linux-arm@2.33.0':
    optional: true

  '@dbmate/linux-ia32@2.33.0':
    optional: true

  '@dbmate/linux-x64@2.33.0':
    optional: true

  '@dbmate/win32-x64@2.33.0':
    optional: true

  dbmate@2.33.0:
    optionalDependencies:
      '@dbmate/darwin-arm64': 2.33.0
      '@dbmate/darwin-x64': 2.33.0
      '@dbmate/linux-arm': 2.33.0
      '@dbmate/linux-arm64': 2.33.0
      '@dbmate/linux-ia32': 2.33.0
      '@dbmate/linux-x64': 2.33.0
      '@dbmate/win32-x64': 2.33.0
